
Microsoft Visual Studio Solution File, Format Version 11.00
# Visual Studio 2010
Project("{FAE04EC0-301F-11D3-BF4B-00C04F79EFBC}") = "NicoMonoViewer", "NicoMonoViewer\NicoMonoViewer.csproj", "{7493E9EF-3A66-4FAC-B9CD-E726D56492F2}"
EndProject
Project("{FAE04EC0-301F-11D3-BF4B-00C04F79EFBC}") = "NicoMonoLibrary", "NicoMonoLibrary\NicoMonoLibrary.csproj", "{97E989F3-89B1-4A36-8A9A-21470C4207C0}"
EndProject
Project("{FAE04EC0-301F-11D3-BF4B-00C04F79EFBC}") = "CookieGetterMono", "CookieGetterMono\CookieGetterMono.csproj", "{F8907DF2-A763-413F-82DD-C62A3C027A92}"
EndProject
Global
	GlobalSection(SolutionConfigurationPlatforms) = preSolution
		Debug|x86 = Debug|x86
		Release|x86 = Release|x86
	EndGlobalSection
	GlobalSection(ProjectConfigurationPlatforms) = postSolution
		{7493E9EF-3A66-4FAC-B9CD-E726D56492F2}.Debug|x86.ActiveCfg = Debug|x86
		{7493E9EF-3A66-4FAC-B9CD-E726D56492F2}.Debug|x86.Build.0 = Debug|x86
		{7493E9EF-3A66-4FAC-B9CD-E726D56492F2}.Release|x86.ActiveCfg = Release|x86
		{7493E9EF-3A66-4FAC-B9CD-E726D56492F2}.Release|x86.Build.0 = Release|x86
		{97E989F3-89B1-4A36-8A9A-21470C4207C0}.Debug|x86.ActiveCfg = Debug|Any CPU
		{97E989F3-89B1-4A36-8A9A-21470C4207C0}.Debug|x86.Build.0 = Debug|Any CPU
		{97E989F3-89B1-4A36-8A9A-21470C4207C0}.Release|x86.ActiveCfg = Release|Any CPU
		{97E989F3-89B1-4A36-8A9A-21470C4207C0}.Release|x86.Build.0 = Release|Any CPU
		{F8907DF2-A763-413F-82DD-C62A3C027A92}.Debug|x86.ActiveCfg = Debug|Any CPU
		{F8907DF2-A763-413F-82DD-C62A3C027A92}.Debug|x86.Build.0 = Debug|Any CPU
		{F8907DF2-A763-413F-82DD-C62A3C027A92}.Release|x86.ActiveCfg = Release|Any CPU
		{F8907DF2-A763-413F-82DD-C62A3C027A92}.Release|x86.Build.0 = Release|Any CPU
	EndGlobalSection
	GlobalSection(MonoDevelopProperties) = preSolution
		StartupItem = NicoMonoViewer\NicoMonoViewer.csproj
	EndGlobalSection
EndGlobal
